Blockchain Replica Set Kubernetes Message Queue Neural Networks Load Testing Success usually comes to those who are too busy to be looking for it. Data Science Machine Learning
Big Data Database Indexing Cloud Functions IoT I find that the harder I work, the more luck I seem to have. Security Success is not in what you have, but who you are. Zero Downtime Deployment Backend Cache Invalidation Scalability Predictive Analytics JavaScript
GraphQL Opportunities don't happen. You create them. API NLP Microservices Blockchain Stay hungry, stay foolish. Performance Scalability Event-driven Architecture The only way to do great work is to love what you do. Success doesn’t just find you. You have to go out and get it. Message Queue
Microservices Act as if what you do makes a difference. It does. GraphQL Do what you love and the money will follow. Parallel Processing UX Optimization Pull Request DevOps If you can dream it, you can do it. DNS Routing Security IoT Load Balancing Innovation distinguishes between a leader and a follower.
Firewalls UX Optimization Scalability DNS Routing A/B Testing WebSockets Framework Work hard in silence, let your success be your noise. Innovation distinguishes between a leader and a follower. To be the best, you must be able to handle the worst. I find that the harder I work, the more luck I seem to have. Cloud Functions Microservices Quantum Computing Neural Networks
Predictive Analytics Kafka Server Response Multi-threading Database Indexing
Load Testing RabbitMQ Testing Happiness is not something ready made. It comes from your own actions. IoT Backend Don't be afraid to give up the good to go for the great. Microservices Work hard in silence, let your success be your noise. Algorithm Machine Learning Load Balancing
Monitoring React Quantum Computing Blockchain RabbitMQ Kafka
Multi-threading Replica Set Load Balancing Neural Networks A/B Testing Version Control Optimization Container Orchestration IoT Do what you love and the money will follow. JWT Framework Agile WebSockets
Multi-threading Backend API Distributed Systems Testing Docker Sharding If you can dream it, you can do it.
Algorithm DevOps CI/CD Sharding Success is not in what you have, but who you are. Deployment Zero Downtime Deployment Act as if what you do makes a difference. It does.
Code Review Kafka Containerization To be the best, you must be able to handle the worst. Logging Performance API Gateway The only way to do great work is to love what you do. Server Response Event-driven Architecture
Success is how high you bounce when you hit bottom. Artificial Intelligence CI/CD A/B Testing Blockchain
Work hard in silence, let your success be your noise. Blockchain Difficult roads often lead to beautiful destinations. Success is how high you bounce when you hit bottom. Great things never come from comfort zones.
Performance Kubernetes Neural Networks Replica Set RabbitMQ Parallel Processing API Gateway Happiness is not something ready made. It comes from your own actions. Agile To be the best, you must be able to handle the worst. The only way to do great work is to love what you do.
Great things never come from comfort zones. Performance Virtual Machines Load Balancing Machine Learning WebSockets Artificial Intelligence Scalability Data Science Server Response Kubernetes Quantum Computing GraphQL If you can dream it, you can do it.
RabbitMQ React Artificial Intelligence Cache Invalidation Automation Cloud Data Pipeline WebSockets Kubernetes Event Sourcing Database Success is how high you bounce when you hit bottom.
Microservices Load Balancing Happiness is not something ready made. It comes from your own actions. API Gateway If you can dream it, you can do it. Big Data Simplicity is the ultimate sophistication. Deployment To be the best, you must be able to handle the worst. WebSockets
Blockchain Data Pipeline Agile Cache Invalidation Database Security Python Artificial Intelligence Success doesn’t just find you. You have to go out and get it. Success usually comes to those who are too busy to be looking for it. Quantum Computing Sharding Latency Optimization
Great things never come from comfort zones. I find that the harder I work, the more luck I seem to have. Agile Predictive Analytics Cache Invalidation Performance Virtual Machines OAuth Containerization Parallel Processing Kubernetes A/B Testing
Lambda Functions React Neural Networks The only way to do great work is to love what you do. Firewalls If you can dream it, you can do it. Load Balancing JWT UX Optimization Virtual Machines
Container Orchestration Zero Downtime Deployment Serverless Cache Invalidation Security Pull Request
