Blockchain Replica Set Kubernetes Message Queue Neural Networks Load Testing Success usually comes to those who are too busy to be looking for it. Data Science Machine Learning
Big Data Database Indexing Cloud Functions IoT I find that the harder I work, the more luck I seem to have. Security Success is not in what you have, but who you are. Zero Downtime Deployment Backend Cache Invalidation Scalability Predictive Analytics JavaScript
GraphQL Opportunities don't happen. You create them. API NLP Microservices Blockchain Stay hungry, stay foolish. Performance Scalability Event-driven Architecture The only way to do great work is to love what you do. Success doesn’t just find you. You have to go out and get it. Message Queue
